{
  "nodes": {
    "flake-compat": {
      "flake": false,
      "locked": {
        "lastModified": 1627557337,
        "narHash": "sha256-S/Aab7AcDS+MopcnkEWu0j3qOGLLaMw1E8VWWQOD+Q8=",
        "owner": "edolstra",
        "repo": "flake-compat",
        "rev": "c6f3b635321160c629b74fefc88c807b59a51646",
        "type": "github"
      },
      "original": {
        "owner": "edolstra",
        "repo": "flake-compat",
        "type": "github"
      }
    },
    "flake-utils": {
      "locked": {
        "lastModified": 1623875721,
        "narHash": "sha256-A8BU7bjS5GirpAUv4QA+QnJ4CceLHkcXdRp4xITDB0s=",
        "owner": "numtide",
        "repo": "flake-utils",
        "rev": "f7e004a55b120c02ecb6219596820fcd32ca8772",
        "type": "github"
      },
      "original": {
        "owner": "numtide",
        "repo": "flake-utils",
        "type": "github"
      }
    },
    "libjpeg": {
      "flake": false,
      "locked": {
        "narHash": "sha256-sr6mRDhcWck6fyCwYm3TjZ5uTnI6IBbOOYHZLpDQi0E=",
        "type": "tarball",
        "url": "http://www.ijg.org/files/jpegsrc.v8d.tar.gz"
      },
      "original": {
        "type": "tarball",
        "url": "http://www.ijg.org/files/jpegsrc.v8d.tar.gz"
      }
    },
    "libproj": {
      "flake": false,
      "locked": {
        "narHash": "sha256-g7tNY0ono/M6BlbTdN2OzpKIaPe5z25TQ7mrErY0ih0=",
        "type": "tarball",
        "url": "http://download.osgeo.org/proj/proj-4.9.1.tar.gz"
      },
      "original": {
        "type": "tarball",
        "url": "http://download.osgeo.org/proj/proj-4.9.1.tar.gz"
      }
    },
    "nixpkgs": {
      "locked": {
        "lastModified": 1627391865,
        "narHash": "sha256-tPoWBO9Nzu3wuX37WcnctzL6LoDCErJLnfLGqqmXCm4=",
        "path": "/nix/store/svybjwf9ab3iqiz8zwwqwbqzksl3gx8v-source",
        "rev": "8ecc61c91a596df7d3293603a9c2384190c1b89a",
        "type": "path"
      },
      "original": {
        "id": "nixpkgs",
        "type": "indirect"
      }
    },
    "root": {
      "inputs": {
        "flake-compat": "flake-compat",
        "flake-utils": "flake-utils",
        "libjpeg": "libjpeg",
        "libproj": "libproj",
        "nixpkgs": "nixpkgs"
      }
    }
  },
  "root": "root",
  "version": 7
}
