{
  "nodes": {
    "flake-compat": {
      "flake": false,
      "locked": {
        "lastModified": 1606424373,
        "narHash": "sha256-oq8d4//CJOrVj+EcOaSXvMebvuTkmBJuT5tzlfewUnQ=",
        "owner": "edolstra",
        "repo": "flake-compat",
        "rev": "99f1c2157fba4bfe6211a321fd0ee43199025dbf",
        "type": "github"
      },
      "original": {
        "owner": "edolstra",
        "repo": "flake-compat",
        "type": "github"
      }
    },
    "flake-utils": {
      "locked": {
        "lastModified": 1610051610,
        "narHash": "sha256-U9rPz/usA1/Aohhk7Cmc2gBrEEKRzcW4nwPWMPwja4Y=",
        "owner": "numtide",
        "repo": "flake-utils",
        "rev": "3982c9903e93927c2164caa727cd3f6a0e6d14cc",
        "type": "github"
      },
      "original": {
        "owner": "numtide",
        "repo": "flake-utils",
        "type": "github"
      }
    },
    "libjpeg": {
      "flake": false,
      "locked": {
        "narHash": "sha256-sr6mRDhcWck6fyCwYm3TjZ5uTnI6IBbOOYHZLpDQi0E=",
        "type": "tarball",
        "url": "http://www.ijg.org/files/jpegsrc.v8d.tar.gz"
      },
      "original": {
        "type": "tarball",
        "url": "http://www.ijg.org/files/jpegsrc.v8d.tar.gz"
      }
    },
    "libproj": {
      "flake": false,
      "locked": {
        "narHash": "sha256-g7tNY0ono/M6BlbTdN2OzpKIaPe5z25TQ7mrErY0ih0=",
        "type": "tarball",
        "url": "http://download.osgeo.org/proj/proj-4.9.1.tar.gz"
      },
      "original": {
        "type": "tarball",
        "url": "http://download.osgeo.org/proj/proj-4.9.1.tar.gz"
      }
    },
    "nixpkgs": {
      "locked": {
        "lastModified": 1611592684,
        "narHash": "sha256-Oj8lnGFHB+WIki8FhJidSqgbBF6gqePzvfumyZgTjUY=",
        "owner": "NixOS",
        "repo": "nixpkgs",
        "rev": "67fabbc7c3371ecfa4c32d9160976a5f129b4ede",
        "type": "github"
      },
      "original": {
        "id": "nixpkgs",
        "type": "indirect"
      }
    },
    "root": {
      "inputs": {
        "flake-compat": "flake-compat",
        "flake-utils": "flake-utils",
        "libjpeg": "libjpeg",
        "libproj": "libproj",
        "nixpkgs": "nixpkgs"
      }
    }
  },
  "root": "root",
  "version": 7
}
